<?xml version="1.0" encoding="UTF-8"?>
<CONFIG>
  <ProjectOptions>
    <Version Value="12"/>
    <General>
      <Flags>
        <MainUnitHasCreateStatement Value="True"/>
        <MainUnitHasTitleStatement Value="True"/>
        <MainUnitHasScaledStatement Value="True"/>
      </Flags>
      <SessionStorage Value="InProjectDir"/>
      <Title Value="FireLiteLazarusDemo"/>
      <UseAppBundle Value="False"/>
      <ResourceType Value="res"/>
    </General>
    <BuildModes Count="1">
      <Item1 Name="Default" Default="True"/>
    </BuildModes>
    <PublishOptions>
      <Version Value="2"/>
      <UseFileFilters Value="True"/>
    </PublishOptions>
    <RunParams>
      <FormatVersion Value="2"/>
    </RunParams>
    <RequiredPackages Count="1">
      <Item1>
        <PackageName Value="LCL"/>
      </Item1>
    </RequiredPackages>
    <Units Count="2">
      <Unit0>
        <Filename Value="example_main.pas"/>
        <IsPartOfProject Value="True"/>
        <ComponentName Value="TForm1"/>
        <ResourceBaseClass Value="Form"/>
      </Unit0>
      <Unit1>
        <Filename Value="example.lpr"/>
        <IsPartOfProject Value="True"/>
        <ComponentName Value="FireLiteLazarusDemo"/>
        <ResourceBaseClass Value="Program"/>
      </Unit1>
    </Units>
  </ProjectOptions>
  <CompilerOptions>
    <Version Value="11"/>
    <PathDelim Value="\"/>
    <Target>
      <Filename Value="example"/>
    </Target>
    <SearchPaths>
      <IncludeFiles Value="$(ProjOutDir)"/>
      <UnitOutputDirectory Value="lib\$(TargetCPU)-$(TargetOS)"/>
      <OtherUnitFiles Value="..\.."/>
    </SearchPaths>
    <Linking>
      <Options>
        <Win32>
          <GraphicApplication Value="True"/>
        </Win32>
      </Options>
    </Linking>
  </CompilerOptions>
  <Debugging>
    <Exceptions Count="0"/>
  </Debugging>
</CONFIG>
